
Microsoft Visual Studio Solution File, Format Version 12.00
# Visual Studio Version 16
VisualStudioVersion = 16.0.30002.166
MinimumVisualStudioVersion = 10.0.40219.1
Project("{FAE04EC0-301F-11D3-BF4B-00C04F79EFBC}") = "CSHW4_UR1", "CSHW4_UR1\CSHW4_UR1.csproj", "{F43DBA05-398D-4EDF-A22B-971F9026437B}"
EndProject
Global
	GlobalSection(SolutionConfigurationPlatforms) = preSolution
		Debug|Any CPU = Debug|Any CPU
		Release|Any CPU = Release|Any CPU
	EndGlobalSection
	GlobalSection(ProjectConfigurationPlatforms) = postSolution
		{F43DBA05-398D-4EDF-A22B-971F9026437B}.Debug|Any CPU.ActiveCfg = Debug|Any CPU
		{F43DBA05-398D-4EDF-A22B-971F9026437B}.Debug|Any CPU.Build.0 = Debug|Any CPU
		{F43DBA05-398D-4EDF-A22B-971F9026437B}.Release|Any CPU.ActiveCfg = Release|Any CPU
		{F43DBA05-398D-4EDF-A22B-971F9026437B}.Release|Any CPU.Build.0 = Release|Any CPU
	EndGlobalSection
	GlobalSection(SolutionProperties) = preSolution
		HideSolutionNode = FALSE
	EndGlobalSection
	GlobalSection(ExtensibilityGlobals) = postSolution
		SolutionGuid = {44C054C7-70DA-4404-A05A-2773745D14A9}
	EndGlobalSection
EndGlobal
